
Microsoft Visual Studio Solution File, Format Version 12.00
# Visual Studio 2012
Project("{FAE04EC0-301F-11D3-BF4B-00C04F79EFBC}") = "TradeAllocationsApp", "TradeAllocationsApp.csproj", "{E40E7382-DDD1-4AB7-8B7C-47051548B98D}"
EndProject
Project("{FAE04EC0-301F-11D3-BF4B-00C04F79EFBC}") = "BcaResearch", "..\BcaResearch\BcaResearch.csproj", "{0BD658B5-12D7-48C3-B1AF-5CE12806E547}"
EndProject
Global
	GlobalSection(SolutionConfigurationPlatforms) = preSolution
		Debug|Any CPU = Debug|Any CPU
		Release|Any CPU = Release|Any CPU
	EndGlobalSection
	GlobalSection(ProjectConfigurationPlatforms) = postSolution
		{E40E7382-DDD1-4AB7-8B7C-47051548B98D}.Debug|Any CPU.ActiveCfg = Debug|Any CPU
		{E40E7382-DDD1-4AB7-8B7C-47051548B98D}.Debug|Any CPU.Build.0 = Debug|Any CPU
		{E40E7382-DDD1-4AB7-8B7C-47051548B98D}.Release|Any CPU.ActiveCfg = Release|Any CPU
		{E40E7382-DDD1-4AB7-8B7C-47051548B98D}.Release|Any CPU.Build.0 = Release|Any CPU
		{0BD658B5-12D7-48C3-B1AF-5CE12806E547}.Debug|Any CPU.ActiveCfg = Debug|Any CPU
		{0BD658B5-12D7-48C3-B1AF-5CE12806E547}.Debug|Any CPU.Build.0 = Debug|Any CPU
		{0BD658B5-12D7-48C3-B1AF-5CE12806E547}.Release|Any CPU.ActiveCfg = Release|Any CPU
		{0BD658B5-12D7-48C3-B1AF-5CE12806E547}.Release|Any CPU.Build.0 = Release|Any CPU
	EndGlobalSection
	GlobalSection(SolutionProperties) = preSolution
		HideSolutionNode = FALSE
	EndGlobalSection
EndGlobal
